# THIS IS AN AUTOGENERATED FILE. DO NOT EDIT THIS FILE DIRECTLY.
# yarn lockfile v1


"@types/cheerio@^0.22.22":
  version "0.22.22"
  resolved "https://registry.npm.taobao.org/@types/cheerio/download/@types/cheerio-0.22.22.tgz#ae71cf4ca59b8bbaf34c99af7a5d6c8894988f5f"
  integrity sha1-rnHPTKWbi7rzTJmvel1siJSYj18=
  dependencies:
    "@types/node" "*"

"@types/node@*":
  version "14.11.5"
  resolved "https://registry.npm.taobao.org/@types/node/download/@types/node-14.11.5.tgz#fecad41c041cae7f2404ad4b2d0742fdb628b305"
  integrity sha1-/srUHAQcrn8kBK1LLQdC/bYoswU=

tslib@^2.0.2:
  version "2.0.2"
  resolved "https://registry.npm.taobao.org/tslib/download/tslib-2.0.2.tgz?cache=0&sync_timestamp=1601998793819&other_urls=https%3A%2F%2Fregistry.npm.taobao.org%2Ftslib%2Fdownload%2Ftslib-2.0.2.tgz#462295631185db44b21b1ea3615b63cd1c038242"
  integrity sha1-RiKVYxGF20SyGx6jYVtjzRwDgkI=

typescript@^4.0.3:
  version "4.0.3"
  resolved "https://registry.npm.taobao.org/typescript/download/typescript-4.0.3.tgz?cache=0&sync_timestamp=1602055227279&other_urls=https%3A%2F%2Fregistry.npm.taobao.org%2Ftypescript%2Fdownload%2Ftypescript-4.0.3.tgz#153bbd468ef07725c1df9c77e8b453f8d36abba5"
  integrity sha1-FTu9Ro7wdyXB35x36LRT+NNqu6U=
